Microsoft Visual Studio Solution File, Format Version 12.00
# Visual Studio Version 17
VisualStudioVersion = 17.5.2.0
MinimumVisualStudioVersion = 10.0.40219.1
Project("{FAE04EC0-301F-11D3-BF4B-00C04F79EFBC}") = "MdbListRatingsProvider", "MdbListRatingsProvider.csproj", "{CAE31052-AFDE-8EA9-410A-F5033E7C2E72}"
EndProject
Global
	GlobalSection(SolutionConfigurationPlatforms) = preSolution
		Debug|Any CPU = Debug|Any CPU
		Release|Any CPU = Release|Any CPU
	EndGlobalSection
	GlobalSection(ProjectConfigurationPlatforms) = postSolution
		{CAE31052-AFDE-8EA9-410A-F5033E7C2E72}.Debug|Any CPU.ActiveCfg = Debug|Any CPU
		{CAE31052-AFDE-8EA9-410A-F5033E7C2E72}.Debug|Any CPU.Build.0 = Debug|Any CPU
		{CAE31052-AFDE-8EA9-410A-F5033E7C2E72}.Release|Any CPU.ActiveCfg = Release|Any CPU
		{CAE31052-AFDE-8EA9-410A-F5033E7C2E72}.Release|Any CPU.Build.0 = Release|Any CPU
	EndGlobalSection
	GlobalSection(SolutionProperties) = preSolution
		HideSolutionNode = FALSE
	EndGlobalSection
	GlobalSection(ExtensibilityGlobals) = postSolution
		SolutionGuid = {05440D79-440C-4E72-A497-87761C69ADF6}
	EndGlobalSection
EndGlobal
